
Microsoft Visual Studio Solution File, Format Version 12.00
# Visual Studio 15
VisualStudioVersion = 15.0.27004.2006
MinimumVisualStudioVersion = 10.0.40219.1
Project("{8BC9CEB8-8B4A-11D0-8D11-00A0C91BC942}") = "Test", "Test\Test.vcxproj", "{82B63170-B4B2-4331-BD8A-2AC0DF29B406}"
EndProject
Global
	GlobalSection(SolutionConfigurationPlatforms) = preSolution
		Debug|x64 = Debug|x64
		Release|x64 = Release|x64
	EndGlobalSection
	GlobalSection(ProjectConfigurationPlatforms) = postSolution
		{82B63170-B4B2-4331-BD8A-2AC0DF29B406}.Debug|x64.ActiveCfg = Debug|x64
		{82B63170-B4B2-4331-BD8A-2AC0DF29B406}.Debug|x64.Build.0 = Debug|x64
		{82B63170-B4B2-4331-BD8A-2AC0DF29B406}.Release|x64.ActiveCfg = Release|x64
		{82B63170-B4B2-4331-BD8A-2AC0DF29B406}.Release|x64.Build.0 = Release|x64
	EndGlobalSection
	GlobalSection(SolutionProperties) = preSolution
		HideSolutionNode = FALSE
	EndGlobalSection
	GlobalSection(ExtensibilityGlobals) = postSolution
		SolutionGuid = {AAC28FD6-3EEE-408B-AA73-AD98F38E4130}
	EndGlobalSection
EndGlobal
